
Microsoft Visual Studio Solution File, Format Version 12.00
# Visual Studio Version 16
VisualStudioVersion = 16.0.30503.244
MinimumVisualStudioVersion = 10.0.40219.1
Project("{9A19103F-16F7-4668-BE54-9A1E7A4F7556}") = "Ecommerce.Models", "Ecommerce.Models\Ecommerce.Models.csproj", "{5FD5BB70-C9C2-4598-B2D9-A42EC9DC2594}"
EndProject
Project("{9A19103F-16F7-4668-BE54-9A1E7A4F7556}") = "Ecommerce.DatabaseContext", "Ecommerce.DatabaseContext\Ecommerce.DatabaseContext.csproj", "{BDC4D286-F924-4C66-858A-9E44A484E04A}"
EndProject
Project("{9A19103F-16F7-4668-BE54-9A1E7A4F7556}") = "Ecommerce.Web", "Ecommerce.Web\Ecommerce.Web.csproj", "{FDE75FED-DEAD-49E2-99B9-B91D43C00CE1}"
EndProject
Project("{FAE04EC0-301F-11D3-BF4B-00C04F79EFBC}") = "Ecommerce.Repository.Abstraction", "Ecommerce.Repository.Abstraction\Ecommerce.Repository.Abstraction.csproj", "{F369393F-74A4-4B27-96E5-839FCE55D7C4}"
EndProject
Project("{FAE04EC0-301F-11D3-BF4B-00C04F79EFBC}") = "Ecommerce.Repository", "Ecommerce.Repository\Ecommerce.Repository.csproj", "{113C1C9C-B27F-489F-94A2-1230D8F2A4D2}"
EndProject
Global
	GlobalSection(SolutionConfigurationPlatforms) = preSolution
		Debug|Any CPU = Debug|Any CPU
		Release|Any CPU = Release|Any CPU
	EndGlobalSection
	GlobalSection(ProjectConfigurationPlatforms) = postSolution
		{5FD5BB70-C9C2-4598-B2D9-A42EC9DC2594}.Debug|Any CPU.ActiveCfg = Debug|Any CPU
		{5FD5BB70-C9C2-4598-B2D9-A42EC9DC2594}.Debug|Any CPU.Build.0 = Debug|Any CPU
		{5FD5BB70-C9C2-4598-B2D9-A42EC9DC2594}.Release|Any CPU.ActiveCfg = Release|Any CPU
		{5FD5BB70-C9C2-4598-B2D9-A42EC9DC2594}.Release|Any CPU.Build.0 = Release|Any CPU
		{BDC4D286-F924-4C66-858A-9E44A484E04A}.Debug|Any CPU.ActiveCfg = Debug|Any CPU
		{BDC4D286-F924-4C66-858A-9E44A484E04A}.Debug|Any CPU.Build.0 = Debug|Any CPU
		{BDC4D286-F924-4C66-858A-9E44A484E04A}.Release|Any CPU.ActiveCfg = Release|Any CPU
		{BDC4D286-F924-4C66-858A-9E44A484E04A}.Release|Any CPU.Build.0 = Release|Any CPU
		{FDE75FED-DEAD-49E2-99B9-B91D43C00CE1}.Debug|Any CPU.ActiveCfg = Debug|Any CPU
		{FDE75FED-DEAD-49E2-99B9-B91D43C00CE1}.Debug|Any CPU.Build.0 = Debug|Any CPU
		{FDE75FED-DEAD-49E2-99B9-B91D43C00CE1}.Release|Any CPU.ActiveCfg = Release|Any CPU
		{FDE75FED-DEAD-49E2-99B9-B91D43C00CE1}.Release|Any CPU.Build.0 = Release|Any CPU
		{F369393F-74A4-4B27-96E5-839FCE55D7C4}.Debug|Any CPU.ActiveCfg = Debug|Any CPU
		{F369393F-74A4-4B27-96E5-839FCE55D7C4}.Debug|Any CPU.Build.0 = Debug|Any CPU
		{F369393F-74A4-4B27-96E5-839FCE55D7C4}.Release|Any CPU.ActiveCfg = Release|Any CPU
		{F369393F-74A4-4B27-96E5-839FCE55D7C4}.Release|Any CPU.Build.0 = Release|Any CPU
		{113C1C9C-B27F-489F-94A2-1230D8F2A4D2}.Debug|Any CPU.ActiveCfg = Debug|Any CPU
		{113C1C9C-B27F-489F-94A2-1230D8F2A4D2}.Debug|Any CPU.Build.0 = Debug|Any CPU
		{113C1C9C-B27F-489F-94A2-1230D8F2A4D2}.Release|Any CPU.ActiveCfg = Release|Any CPU
		{113C1C9C-B27F-489F-94A2-1230D8F2A4D2}.Release|Any CPU.Build.0 = Release|Any CPU
	EndGlobalSection
	GlobalSection(SolutionProperties) = preSolution
		HideSolutionNode = FALSE
	EndGlobalSection
	GlobalSection(ExtensibilityGlobals) = postSolution
		SolutionGuid = {5065EAC6-2811-4B00-8E95-722255403F0C}
	EndGlobalSection
EndGlobal
